
Microsoft Visual Studio Solution File, Format Version 12.00
# Visual Studio 15
Project("{FAE04EC0-301F-11D3-BF4B-00C04F79EFBC}") = "FIRConvolution.Unity", "FIRConvolution.Unity.csproj", "{6B60FB6B-9989-55DD-B48D-D7BA8DDC59DA}"
EndProject
Project("{FAE04EC0-301F-11D3-BF4B-00C04F79EFBC}") = "Assembly-CSharp", "Assembly-CSharp.csproj", "{929B71FB-5E14-710F-EA65-1B0CA02AEB7F}"
EndProject
Project("{2150E333-8FDC-42A3-9474-1A3956D46DE8}") = "Solution Items", "Solution Items", "{BDF17EED-9C43-4E03-B85D-23BE3A411790}"
	ProjectSection(SolutionItems) = preProject
		.editorconfig = .editorconfig
		.gitignore = .gitignore
	EndProjectSection
EndProject
Project("{9A19103F-16F7-4668-BE54-9A1E7A4F7556}") = "FIRConvolution", "Assets\FIRConvolution\FIRConvolution.csproj", "{EBC68422-2729-4F72-BB9D-30F8F56FAE10}"
EndProject
Project("{9A19103F-16F7-4668-BE54-9A1E7A4F7556}") = "FIRConvolution.Tests", "FIRConvolution.Tests\FIRConvolution.Tests.csproj", "{AFE65138-FD24-4F11-B2C2-8A6F84FB26F9}"
EndProject
Global
	GlobalSection(SolutionConfigurationPlatforms) = preSolution
		Debug|Any CPU = Debug|Any CPU
		Release|Any CPU = Release|Any CPU
	EndGlobalSection
	GlobalSection(ProjectConfigurationPlatforms) = postSolution
		{6B60FB6B-9989-55DD-B48D-D7BA8DDC59DA}.Debug|Any CPU.ActiveCfg = Debug|Any CPU
		{6B60FB6B-9989-55DD-B48D-D7BA8DDC59DA}.Debug|Any CPU.Build.0 = Debug|Any CPU
		{6B60FB6B-9989-55DD-B48D-D7BA8DDC59DA}.Release|Any CPU.ActiveCfg = Release|Any CPU
		{6B60FB6B-9989-55DD-B48D-D7BA8DDC59DA}.Release|Any CPU.Build.0 = Release|Any CPU
		{929B71FB-5E14-710F-EA65-1B0CA02AEB7F}.Debug|Any CPU.ActiveCfg = Debug|Any CPU
		{929B71FB-5E14-710F-EA65-1B0CA02AEB7F}.Debug|Any CPU.Build.0 = Debug|Any CPU
		{929B71FB-5E14-710F-EA65-1B0CA02AEB7F}.Release|Any CPU.ActiveCfg = Release|Any CPU
		{929B71FB-5E14-710F-EA65-1B0CA02AEB7F}.Release|Any CPU.Build.0 = Release|Any CPU
		{EBC68422-2729-4F72-BB9D-30F8F56FAE10}.Debug|Any CPU.ActiveCfg = Debug|Any CPU
		{EBC68422-2729-4F72-BB9D-30F8F56FAE10}.Debug|Any CPU.Build.0 = Debug|Any CPU
		{EBC68422-2729-4F72-BB9D-30F8F56FAE10}.Release|Any CPU.ActiveCfg = Release|Any CPU
		{EBC68422-2729-4F72-BB9D-30F8F56FAE10}.Release|Any CPU.Build.0 = Release|Any CPU
		{AFE65138-FD24-4F11-B2C2-8A6F84FB26F9}.Debug|Any CPU.ActiveCfg = Debug|Any CPU
		{AFE65138-FD24-4F11-B2C2-8A6F84FB26F9}.Debug|Any CPU.Build.0 = Debug|Any CPU
		{AFE65138-FD24-4F11-B2C2-8A6F84FB26F9}.Release|Any CPU.ActiveCfg = Release|Any CPU
		{AFE65138-FD24-4F11-B2C2-8A6F84FB26F9}.Release|Any CPU.Build.0 = Release|Any CPU
	EndGlobalSection
	GlobalSection(SolutionProperties) = preSolution
		HideSolutionNode = FALSE
	EndGlobalSection
EndGlobal
